github.com/aspose-cells-cloud/aspose-cells-cloud-go/v25 v25.4.0 h1:DuKQLxR6duiWF8dAu1qPBd9lYUtddU9hUP0Ra0A/hQs=
github.com/aspose-cells-cloud/aspose-cells-cloud-go/v25 v25.4.0/go.mod h1:MWxkhqHEReQ2IXAQYcx9ryBpmHfynEwao4QsHkZI7a8=
github.com/jstemmer/go-junit-report v0.9.1 h1:6QPYqodiu3GuPL+7mfx+NwDdp2eTkp9IfEUpgAwUN0o=
github.com/jstemmer/go-junit-report v0.9.1/go.mod h1:Brl9GWCQeLvo8nXZwPNNblvFj/XSXhF0NWZEnDohbsk=
